
Microsoft Visual Studio Solution File, Format Version 12.00
# Visual Studio Version 17
VisualStudioVersion = 17.8.34511.84
MinimumVisualStudioVersion = 10.0.40219.1
Project("{2150E333-8FDC-42A3-9474-1A3956D46DE8}") = "Integration", "Integration", "{FE224646-AF80-4278-8D77-9BAE8AB58757}"
EndProject
Project("{2150E333-8FDC-42A3-9474-1A3956D46DE8}") = "Frontend", "Frontend", "{1B381A32-E667-4447-8C9E-DDBF4D186AF6}"
EndProject
Project("{2150E333-8FDC-42A3-9474-1A3956D46DE8}") = "Services", "Services", "{16E419DA-0660-4BEC-B5D6-9DFEA9EF291F}"
EndProject
Project("{2150E333-8FDC-42A3-9474-1A3956D46DE8}") = "Gateway", "Gateway", "{C1CF7068-405A-477E-8C97-EDEE19D1BB24}"
EndProject
Project("{9A19103F-16F7-4668-BE54-9A1E7A4F7556}") = "Services.Coupon.API", "Services\Services.Coupon.API\Services.Coupon.API.csproj", "{313E8246-4F10-4BA2-8661-C8BF1E832149}"
EndProject
Project("{9A19103F-16F7-4668-BE54-9A1E7A4F7556}") = "Creatify.Web", "Creatify.Web\Creatify.Web.csproj", "{651573D1-2AF7-4322-AFBE-453CAF760AAB}"
EndProject
Project("{9A19103F-16F7-4668-BE54-9A1E7A4F7556}") = "Services.Auth.API", "Services\Services.Auth.API\Services.Auth.API.csproj", "{161A5DD8-B889-4A28-92D9-EB73C0213384}"
EndProject
Project("{9A19103F-16F7-4668-BE54-9A1E7A4F7556}") = "Services.Product.API", "Services\Services.Product.API\Services.Product.API.csproj", "{0C10FBC6-3A29-47D2-A23A-8445395729E7}"
EndProject
Project("{9A19103F-16F7-4668-BE54-9A1E7A4F7556}") = "Services.ShoppingCart.API", "Services\Services.ShoppingCart.API\Services.ShoppingCart.API.csproj", "{326FC13F-BBA7-4BC5-B25C-0CDBAC853587}"
EndProject
Project("{9A19103F-16F7-4668-BE54-9A1E7A4F7556}") = "Creatify.MessageBus", "Integration\Creatify.MessageBus\Creatify.MessageBus.csproj", "{BD688261-6B2E-4366-BA8F-6DBDFF8072C2}"
EndProject
Project("{9A19103F-16F7-4668-BE54-9A1E7A4F7556}") = "Services.Email.API", "Services\Services.Email.API\Services.Email.API.csproj", "{E46DA001-AEAB-4729-9593-F502FA34C4A5}"
EndProject
Project("{9A19103F-16F7-4668-BE54-9A1E7A4F7556}") = "Services.Order.API", "Services\Services.Order.API\Services.Order.API.csproj", "{E911D85A-21C9-48CD-A71D-3A29676A3EDE}"
EndProject
Project("{FAE04EC0-301F-11D3-BF4B-00C04F79EFBC}") = "Services.Reward.API", "Services\Services.Reward.API\Services.Reward.API.csproj", "{0A4C538A-84E7-4067-9FC8-10C995B999C3}"
EndProject
Global
	GlobalSection(SolutionConfigurationPlatforms) = preSolution
		Debug|Any CPU = Debug|Any CPU
		Release|Any CPU = Release|Any CPU
	EndGlobalSection
	GlobalSection(ProjectConfigurationPlatforms) = postSolution
		{313E8246-4F10-4BA2-8661-C8BF1E832149}.Debug|Any CPU.ActiveCfg = Debug|Any CPU
		{313E8246-4F10-4BA2-8661-C8BF1E832149}.Debug|Any CPU.Build.0 = Debug|Any CPU
		{313E8246-4F10-4BA2-8661-C8BF1E832149}.Release|Any CPU.ActiveCfg = Release|Any CPU
		{313E8246-4F10-4BA2-8661-C8BF1E832149}.Release|Any CPU.Build.0 = Release|Any CPU
		{651573D1-2AF7-4322-AFBE-453CAF760AAB}.Debug|Any CPU.ActiveCfg = Debug|Any CPU
		{651573D1-2AF7-4322-AFBE-453CAF760AAB}.Debug|Any CPU.Build.0 = Debug|Any CPU
		{651573D1-2AF7-4322-AFBE-453CAF760AAB}.Release|Any CPU.ActiveCfg = Release|Any CPU
		{651573D1-2AF7-4322-AFBE-453CAF760AAB}.Release|Any CPU.Build.0 = Release|Any CPU
		{161A5DD8-B889-4A28-92D9-EB73C0213384}.Debug|Any CPU.ActiveCfg = Debug|Any CPU
		{161A5DD8-B889-4A28-92D9-EB73C0213384}.Debug|Any CPU.Build.0 = Debug|Any CPU
		{161A5DD8-B889-4A28-92D9-EB73C0213384}.Release|Any CPU.ActiveCfg = Release|Any CPU
		{161A5DD8-B889-4A28-92D9-EB73C0213384}.Release|Any CPU.Build.0 = Release|Any CPU
		{0C10FBC6-3A29-47D2-A23A-8445395729E7}.Debug|Any CPU.ActiveCfg = Debug|Any CPU
		{0C10FBC6-3A29-47D2-A23A-8445395729E7}.Debug|Any CPU.Build.0 = Debug|Any CPU
		{0C10FBC6-3A29-47D2-A23A-8445395729E7}.Release|Any CPU.ActiveCfg = Release|Any CPU
		{0C10FBC6-3A29-47D2-A23A-8445395729E7}.Release|Any CPU.Build.0 = Release|Any CPU
		{326FC13F-BBA7-4BC5-B25C-0CDBAC853587}.Debug|Any CPU.ActiveCfg = Debug|Any CPU
		{326FC13F-BBA7-4BC5-B25C-0CDBAC853587}.Debug|Any CPU.Build.0 = Debug|Any CPU
		{326FC13F-BBA7-4BC5-B25C-0CDBAC853587}.Release|Any CPU.ActiveCfg = Release|Any CPU
		{326FC13F-BBA7-4BC5-B25C-0CDBAC853587}.Release|Any CPU.Build.0 = Release|Any CPU
		{BD688261-6B2E-4366-BA8F-6DBDFF8072C2}.Debug|Any CPU.ActiveCfg = Debug|Any CPU
		{BD688261-6B2E-4366-BA8F-6DBDFF8072C2}.Debug|Any CPU.Build.0 = Debug|Any CPU
		{BD688261-6B2E-4366-BA8F-6DBDFF8072C2}.Release|Any CPU.ActiveCfg = Release|Any CPU
		{BD688261-6B2E-4366-BA8F-6DBDFF8072C2}.Release|Any CPU.Build.0 = Release|Any CPU
		{E46DA001-AEAB-4729-9593-F502FA34C4A5}.Debug|Any CPU.ActiveCfg = Debug|Any CPU
		{E46DA001-AEAB-4729-9593-F502FA34C4A5}.Debug|Any CPU.Build.0 = Debug|Any CPU
		{E46DA001-AEAB-4729-9593-F502FA34C4A5}.Release|Any CPU.ActiveCfg = Release|Any CPU
		{E46DA001-AEAB-4729-9593-F502FA34C4A5}.Release|Any CPU.Build.0 = Release|Any CPU
		{E911D85A-21C9-48CD-A71D-3A29676A3EDE}.Debug|Any CPU.ActiveCfg = Debug|Any CPU
		{E911D85A-21C9-48CD-A71D-3A29676A3EDE}.Debug|Any CPU.Build.0 = Debug|Any CPU
		{E911D85A-21C9-48CD-A71D-3A29676A3EDE}.Release|Any CPU.ActiveCfg = Release|Any CPU
		{E911D85A-21C9-48CD-A71D-3A29676A3EDE}.Release|Any CPU.Build.0 = Release|Any CPU
		{0A4C538A-84E7-4067-9FC8-10C995B999C3}.Debug|Any CPU.ActiveCfg = Debug|Any CPU
		{0A4C538A-84E7-4067-9FC8-10C995B999C3}.Debug|Any CPU.Build.0 = Debug|Any CPU
		{0A4C538A-84E7-4067-9FC8-10C995B999C3}.Release|Any CPU.ActiveCfg = Release|Any CPU
		{0A4C538A-84E7-4067-9FC8-10C995B999C3}.Release|Any CPU.Build.0 = Release|Any CPU
	EndGlobalSection
	GlobalSection(SolutionProperties) = preSolution
		HideSolutionNode = FALSE
	EndGlobalSection
	GlobalSection(NestedProjects) = preSolution
		{313E8246-4F10-4BA2-8661-C8BF1E832149} = {16E419DA-0660-4BEC-B5D6-9DFEA9EF291F}
		{651573D1-2AF7-4322-AFBE-453CAF760AAB} = {1B381A32-E667-4447-8C9E-DDBF4D186AF6}
		{161A5DD8-B889-4A28-92D9-EB73C0213384} = {16E419DA-0660-4BEC-B5D6-9DFEA9EF291F}
		{0C10FBC6-3A29-47D2-A23A-8445395729E7} = {16E419DA-0660-4BEC-B5D6-9DFEA9EF291F}
		{326FC13F-BBA7-4BC5-B25C-0CDBAC853587} = {16E419DA-0660-4BEC-B5D6-9DFEA9EF291F}
		{BD688261-6B2E-4366-BA8F-6DBDFF8072C2} = {FE224646-AF80-4278-8D77-9BAE8AB58757}
		{E46DA001-AEAB-4729-9593-F502FA34C4A5} = {16E419DA-0660-4BEC-B5D6-9DFEA9EF291F}
		{E911D85A-21C9-48CD-A71D-3A29676A3EDE} = {16E419DA-0660-4BEC-B5D6-9DFEA9EF291F}
		{0A4C538A-84E7-4067-9FC8-10C995B999C3} = {16E419DA-0660-4BEC-B5D6-9DFEA9EF291F}
	EndGlobalSection
	GlobalSection(ExtensibilityGlobals) = postSolution
		SolutionGuid = {C1E4B566-0498-4432-AD4F-37D85E5F9293}
	EndGlobalSection
EndGlobal
